{
    "_meta": {
        "hash": {
            "sha256": "198aaeaad73020e92e4339cddc714935ee336d5e97902a4922985dcd342ce719"
        },
        "pipfile-spec": 6,
        "requires": {
            "python_version": "3.9"
        },
        "sources": [
            {
                "name": "pypi",
                "url": "https://pypi.org/simple",
                "verify_ssl": true
            }
        ]
    },
    "default": {
        "py4j": {
            "hashes": [
                "sha256:36ec57f43ff8ced260a18aa9a4e46c3500a730cac8860e259cbaa546c2b9db2f",
                "sha256:859ba728a7bb43e9c2bf058832759fb97a598bb28cc12f34f5fc4abdec08ede6"
            ],
            "version": "==0.10.9"
        },
        "pyspark": {
            "hashes": [
                "sha256:38b485d3634a86c9a2923c39c8f08f003fdd0e0a3d7f07114b2fb4392ce60479"
            ],
            "index": "pypi",
            "version": "==3.0.1"
        }
    },
    "develop": {
        "astroid": {
            "hashes": [
                "sha256:3975a0bd5373bdce166e60c851cfcbaf21ee96de80ec518c1f4cb3e94c3fb334",
                "sha256:ab7f36e8a78b8e54a62028ba6beef7561db4cdb6f2a5009ecc44a6f42b5697ef"
            ],
            "markers": "python_version ~= '3.6'",
            "version": "==2.6.6"
        },
        "attrs": {
            "hashes": [
                "sha256:935dc3b529c262f6cf76e50877d35a4bd3c1de194fd41f47a2b7ae8f19971f30",
                "sha256:99b87a485a5820b23b879f04c2305b44b951b502fd64be915879d77a7e8fc6f1"
            ],
            "markers": "python_version >= '3.7'",
            "version": "==23.2.0"
        },
        "iniconfig": {
            "hashes": [
                "sha256:2d91e135bf72d31a410b17c16da610a82cb55f6b0477d1a902134b24a455b8b3",
                "sha256:b6a85871a79d2e3b22d2d1b94ac2824226a63c6b741c88f7ae975f18b6778374"
            ],
            "markers": "python_version >= '3.7'",
            "version": "==2.0.0"
        },
        "isort": {
            "hashes": [
                "sha256:48fdfcb9face5d58a4f6dde2e72a1fb8dcaf8ab26f95ab49fab84c2ddefb0109",
                "sha256:8ca5e72a8d85860d5a3fa69b8745237f2939afe12dbf656afbcb47fe72d947a6"
            ],
            "markers": "python_full_version >= '3.8.0'",
            "version": "==5.13.2"
        },
        "lazy-object-proxy": {
            "hashes": [
                "sha256:009e6bb1f1935a62889ddc8541514b6a9e1fcf302667dcb049a0be5c8f613e56",
                "sha256:02c83f957782cbbe8136bee26416686a6ae998c7b6191711a04da776dc9e47d4",
                "sha256:0aefc7591920bbd360d57ea03c995cebc204b424524a5bd78406f6e1b8b2a5d8",
                "sha256:127a789c75151db6af398b8972178afe6bda7d6f68730c057fbbc2e96b08d282",
                "sha256:18dd842b49456aaa9a7cf535b04ca4571a302ff72ed8740d06b5adcd41fe0757",
                "sha256:217138197c170a2a74ca0e05bddcd5f1796c735c37d0eee33e43259b192aa424",
                "sha256:2297f08f08a2bb0d32a4265e98a006643cd7233fb7983032bd61ac7a02956b3b",
                "sha256:2fc0a92c02fa1ca1e84fc60fa258458e5bf89d90a1ddaeb8ed9cc3147f417255",
                "sha256:30b339b2a743c5288405aa79a69e706a06e02958eab31859f7f3c04980853b70",
                "sha256:366c32fe5355ef5fc8a232c5436f4cc66e9d3e8967c01fb2e6302fd6627e3d94",
                "sha256:3ad54b9ddbe20ae9f7c1b29e52f123120772b06dbb18ec6be9101369d63a4074",
                "sha256:5ad9e6ed739285919aa9661a5bbed0aaf410aa60231373c5579c6b4801bd883c",
                "sha256:5faf03a7d8942bb4476e3b62fd0f4cf94eaf4618e304a19865abf89a35c0bbee",
                "sha256:75fc59fc450050b1b3c203c35020bc41bd2695ed692a392924c6ce180c6f1dc9",
                "sha256:76a095cfe6045c7d0ca77db9934e8f7b71b14645f0094ffcd842349ada5c5fb9",
                "sha256:78247b6d45f43a52ef35c25b5581459e85117225408a4128a3daf8bf9648ac69",
                "sha256:782e2c9b2aab1708ffb07d4bf377d12901d7a1d99e5e410d648d892f8967ab1f",
                "sha256:7ab7004cf2e59f7c2e4345604a3e6ea0d92ac44e1c2375527d56492014e690c3",
                "sha256:80b39d3a151309efc8cc48675918891b865bdf742a8616a337cb0090791a0de9",
                "sha256:80fa48bd89c8f2f456fc0765c11c23bf5af827febacd2f523ca5bc1893fcc09d",
                "sha256:855e068b0358ab916454464a884779c7ffa312b8925c6f7401e952dcf3b89977",
                "sha256:92f09ff65ecff3108e56526f9e2481b8116c0b9e1425325e13245abfd79bdb1b",
                "sha256:952c81d415b9b80ea261d2372d2a4a2332a3890c2b83e0535f263ddfe43f0d43",
                "sha256:9a3a87cf1e133e5b1994144c12ca4aa3d9698517fe1e2ca82977781b16955658",
                "sha256:9e4ed0518a14dd26092614412936920ad081a424bdcb54cc13349a8e2c6d106a",
                "sha256:a899b10e17743683b293a729d3a11f2f399e8a90c73b089e29f5d0fe3509f0dd",
                "sha256:b1f711e2c6dcd4edd372cf5dec5c5a30d23bba06ee012093267b3376c079ec83",
                "sha256:b4f87d4ed9064b2628da63830986c3d2dca7501e6018347798313fcf028e2fd4",
                "sha256:cb73507defd385b7705c599a94474b1d5222a508e502553ef94114a143ec6696",
                "sha256:dc0d2fc424e54c70c4bc06787e4072c4f3b1aa2f897dfdc34ce1013cf3ceef05",
                "sha256:e221060b701e2aa2ea991542900dd13907a5c90fa80e199dbf5a03359019e7a3",
                "sha256:e271058822765ad5e3bca7f05f2ace0de58a3f4e62045a8c90a0dfd2f8ad8cc6",
                "sha256:e2adb09778797da09d2b5ebdbceebf7dd32e2c96f79da9052b2e87b6ea495895",
                "sha256:e333e2324307a7b5d86adfa835bb500ee70bfcd1447384a822e96495796b0ca4",
                "sha256:e98c8af98d5707dcdecc9ab0863c0ea6e88545d42ca7c3feffb6b4d1e370c7ba",
                "sha256:edb45bb8278574710e68a6b021599a10ce730d156e5b254941754a9cc0b17d03",
                "sha256:fec03caabbc6b59ea4a638bee5fce7117be8e99a4103d9d5ad77f15d6f81020c"
            ],
            "markers": "python_version >= '3.8'",
            "version": "==1.10.0"
        },
        "mccabe": {
            "hashes": [
                "sha256:ab8a6258860da4b6677da4bd2fe5dc2c659cff31b3ee4f7f5d64e79735b80d42",
                "sha256:dd8d182285a0fe56bace7f45b5e7d1a6ebcbf524e8f3bd87eb0f125271b8831f"
            ],
            "version": "==0.6.1"
        },
        "packaging": {
            "hashes": [
                "sha256:2ddfb553fdf02fb784c234c7ba6ccc288296ceabec964ad2eae3777778130bc5",
                "sha256:eb82c5e3e56209074766e6885bb04b8c38a0c015d0a30036ebe7ece34c9989e9"
            ],
            "markers": "python_version >= '3.7'",
            "version": "==24.0"
        },
        "pluggy": {
            "hashes": [
                "sha256:15b2acde666561e1298d71b523007ed7364de07029219b604cf808bfa1c765b0",
                "sha256:966c145cd83c96502c3c3868f50408687b38434af77734af1e9ca461a4081d2d"
            ],
            "markers": "python_version >= '2.7' and python_version not in '3.0, 3.1, 3.2, 3.3'",
            "version": "==0.13.1"
        },
        "py": {
            "hashes": [
                "sha256:51c75c4126074b472f746a24399ad32f6053d1b34b68d2fa41e558e6f4a98719",
                "sha256:607c53218732647dff4acdfcd50cb62615cedf612e72d1724fb1a0cc6405b378"
            ],
            "markers": "python_version >= '2.7' and python_version not in '3.0, 3.1, 3.2, 3.3, 3.4'",
            "version": "==1.11.0"
        },
        "pylint": {
            "hashes": [
                "sha256:586d8fa9b1891f4b725f587ef267abe2a1bad89d6b184520c7f07a253dd6e217",
                "sha256:f7e2072654a6b6afdf5e2fb38147d3e2d2d43c89f648637baab63e026481279b"
            ],
            "index": "pypi",
            "markers": "python_version ~= '3.6'",
            "version": "==2.8.2"
        },
        "pytest": {
            "hashes": [
                "sha256:50bcad0a0b9c5a72c8e4e7c9855a3ad496ca6a881a3641b4260605450772c54b",
                "sha256:91ef2131a9bd6be8f76f1f08eac5c5317221d6ad1e143ae03894b862e8976890"
            ],
            "index": "pypi",
            "markers": "python_version >= '3.6'",
            "version": "==6.2.4"
        },
        "setuptools": {
            "hashes": [
                "sha256:6c1fccdac05a97e598fb0ae3bbed5904ccb317337a51139dcd51453611bbb987",
                "sha256:c636ac361bc47580504644275c9ad802c50415c7522212252c033bd15f301f32"
            ],
            "markers": "python_version >= '3.8'",
            "version": "==69.5.1"
        },
        "toml": {
            "hashes": [
                "sha256:806143ae5bfb6a3c6e736a764057db0e6a0e05e338b5630894a5f779cabb4f9b",
                "sha256:b3bda1d108d5dd99f4a20d24d9c348e91c4db7ab1b749200bded2f839ccbe68f"
            ],
            "markers": "python_version >= '2.6' and python_version not in '3.0, 3.1, 3.2'",
            "version": "==0.10.2"
        },
        "wrapt": {
            "hashes": [
                "sha256:b62ffa81fb85f4332a4f609cab4ac40709470da05643a082ec1eb88e6d9b97d7"
            ],
            "version": "==1.12.1"
        }
    }
}
